// !$*UTF8*$!
{
	archiveVersion = 1;
	classes = {
	};
	objectVersion = 48;
	objects = {

/* Begin PBXBuildFile section */
		90EC4B4C204ADC800015F4AB /* AppDelegate.swift in Sources */ = {isa = PBXBuildFile; fileRef = 90EC4B4B204ADC800015F4AB /* AppDelegate.swift */; };
		90EC4B4E204ADC800015F4AB /* ViewController.swift in Sources */ = {isa = PBXBuildFile; fileRef = 90EC4B4D204ADC800015F4AB /* ViewController.swift */; };
		90EC4B51204ADC800015F4AB /* Main.storyboard in Resources */ = {isa = PBXBuildFile; fileRef = 90EC4B4F204ADC800015F4AB /* Main.storyboard */; };
		90EC4B53204ADC800015F4AB /* Assets.xcassets in Resources */ = {isa = PBXBuildFile; fileRef = 90EC4B52204ADC800015F4AB /* Assets.xcassets */; };
		90EC4B56204ADC800015F4AB /* LaunchScreen.storyboard in Resources */ = {isa = PBXBuildFile; fileRef = 90EC4B54204ADC800015F4AB /* LaunchScreen.storyboard */; };
/* End PBXBuildFile section */

/* Begin PBXFileReference section */
		90EC4B48204ADC800015F4AB /* finlandsfarjan.app */ = {isa = PBXFileReference; explicitFileType = wrapper.application; includeInIndex = 0; path = finlandsfarjan.app; sourceTree = BUILT_PRODUCTS_DIR; };
		90EC4B4B204ADC800015F4AB /* AppDelegate.swift */ = {isa = PBXFileReference; lastKnownFileType = sourcecode.swift; path = AppDelegate.swift; sourceTree = "<group>"; };
		90EC4B4D204ADC800015F4AB /* ViewController.swift */ = {isa = PBXFileReference; lastKnownFileType = sourcecode.swift; path = ViewController.swift; sourceTree = "<group>"; };
		90EC4B50204ADC800015F4AB /* Base */ = {isa = PBXFileReference; lastKnownFileType = file.storyboard; name = Base; path = Base.lproj/Main.storyboard; sourceTree = "<group>"; };
		90EC4B52204ADC800015F4AB /* Assets.xcassets */ = {isa = PBXFileReference; lastKnownFileType = folder.assetcatalog; path = Assets.xcassets; sourceTree = "<group>"; };
		90EC4B55204ADC800015F4AB /* Base */ = {isa = PBXFileReference; lastKnownFileType = file.storyboard; name = Base; path = Base.lproj/LaunchScreen.storyboard; sourceTree = "<group>"; };
		90EC4B57204ADC800015F4AB /* Info.plist */ = {isa = PBXFileReference; lastKnownFileType = text.plist.xml; path = Info.plist; sourceTree = "<group>"; };
/* End PBXFileReference section */

/* Begin PBXFrameworksBuildPhase section */
		90EC4B45204ADC800015F4AB /* Frameworks */ = {
			isa = PBXFrameworksBuildPhase;
			buildActionMask = 2147483647;
			files = (
			);
			runOnlyForDeploymentPostprocessing = 0;
		};
/* End PBXFrameworksBuildPhase section */

/* Begin PBXGroup section */
		90EC4B3F204ADC800015F4AB = {
			isa = PBXGroup;
			children = (
				90EC4B4A204ADC800015F4AB /* finlandsfarjan */,
				90EC4B49204ADC800015F4AB /* Products */,
			);
			sourceTree = "<group>";
		};
		90EC4B49204ADC800015F4AB /* Products */ = {
			isa = PBXGroup;
			children = (
				90EC4B48204ADC800015F4AB /* finlandsfarjan.app */,
			);
			name = Products;
			sourceTree = "<group>";
		};
		90EC4B4A204ADC800015F4AB /* finlandsfarjan */ = {
			isa = PBXGroup;
			children = (
				90EC4B4B204ADC800015F4AB /* AppDelegate.swift */,
				90EC4B4D204ADC800015F4AB /* ViewController.swift */,
				90EC4B4F204ADC800015F4AB /* Main.storyboard */,
				90EC4B52204ADC800015F4AB /* Assets.xcassets */,
				90EC4B54204ADC800015F4AB /* LaunchScreen.storyboard */,
				90EC4B57204ADC800015F4AB /* Info.plist */,
			);
			path = finlandsfarjan;
			sourceTree = "<group>";
		};
/* End PBXGroup section */

/* Begin PBXNativeTarget section */
		90EC4B47204ADC800015F4AB /* finlandsfarjan */ = {
			isa = PBXNativeTarget;
			buildConfigurationList = 90EC4B5A204ADC800015F4AB /* Build configuration list for PBXNativeTarget "finlandsfarjan" */;
			buildPhases = (
				90EC4B44204ADC800015F4AB /* Sources */,
				90EC4B45204ADC800015F4AB /* Frameworks */,
				90EC4B46204ADC800015F4AB /* Resources */,
			);
			buildRules = (
			);
			dependencies = (
			);
			name = finlandsfarjan;
			productName = finlandsfarjan;
			productReference = 90EC4B48204ADC800015F4AB /* finlandsfarjan.app */;
			productType = "com.apple.product-type.application";
		};
/* End PBXNativeTarget section */

/* Begin PBXProject section */
		90EC4B40204ADC800015F4AB /* Project object */ = {
			isa = PBXProject;
			attributes = {
				LastSwiftUpdateCheck = 0920;
				LastUpgradeCheck = 0920;
				ORGANIZATIONNAME = Jumalauta;
				TargetAttributes = {
					90EC4B47204ADC800015F4AB = {
						CreatedOnToolsVersion = 9.2;
						ProvisioningStyle = Automatic;
					};
				};
			};
			buildConfigurationList = 90EC4B43204ADC800015F4AB /* Build configuration list for PBXProject "finlandsfarjan" */;
			compatibilityVersion = "Xcode 8.0";
			developmentRegion = en;
			hasScannedForEncodings = 0;
			knownRegions = (
				en,
				Base,
			);
			mainGroup = 90EC4B3F204ADC800015F4AB;
			productRefGroup = 90EC4B49204ADC800015F4AB /* Products */;
			projectDirPath = "";
			projectRoot = "";
			targets = (
				90EC4B47204ADC800015F4AB /* finlandsfarjan */,
			);
		};
/* End PBXProject section */

/* Begin PBXResourcesBuildPhase section */
		90EC4B46204ADC800015F4AB /* Resources */ = {
			isa = PBXResourcesBuildPhase;
			buildActionMask = 2147483647;
			files = (
				90EC4B56204ADC800015F4AB /* LaunchScreen.storyboard in Resources */,
				90EC4B53204ADC800015F4AB /* Assets.xcassets in Resources */,
				90EC4B51204ADC800015F4AB /* Main.storyboard in Resources */,
			);
			runOnlyForDeploymentPostprocessing = 0;
		};
/* End PBXResourcesBuildPhase section */

/* Begin PBXSourcesBuildPhase section */
		90EC4B44204ADC800015F4AB /* Sources */ = {
			isa = PBXSourcesBuildPhase;
			buildActionMask = 2147483647;
			files = (
				90EC4B4E204ADC800015F4AB /* ViewController.swift in Sources */,
				90EC4B4C204ADC800015F4AB /* AppDelegate.swift in Sources */,
			);
			runOnlyForDeploymentPostprocessing = 0;
		};
/* End PBXSourcesBuildPhase section */

/* Begin PBXVariantGroup section */
		90EC4B4F204ADC800015F4AB /* Main.storyboard */ = {
			isa = PBXVariantGroup;
			children = (
				90EC4B50204ADC800015F4AB /* Base */,
			);
			name = Main.storyboard;
			sourceTree = "<group>";
		};
		90EC4B54204ADC800015F4AB /* LaunchScreen.storyboard */ = {
			isa = PBXVariantGroup;
			children = (
				90EC4B55204ADC800015F4AB /* Base */,
			);
			name = LaunchScreen.storyboard;
			sourceTree = "<group>";
		};
/* End PBXVariantGroup section */

/* Begin XCBuildConfiguration section */
		90EC4B58204ADC800015F4AB /* Debug */ = {
			isa = XCBuildConfiguration;
			buildSettings = {
				ALWAYS_SEARCH_USER_PATHS = NO;
				CLANG_ANALYZER_NONNULL = YES;
				CLANG_ANALYZER_NUMBER_OBJECT_CONVERSION = YES_AGGRESSIVE;
				CLANG_CXX_LANGUAGE_STANDARD = "gnu++14";
				CLANG_CXX_LIBRARY = "libc++";
				CLANG_ENABLE_MODULES = YES;
				CLANG_ENABLE_OBJC_ARC = YES;
				CLANG_WARN_BLOCK_CAPTURE_AUTORELEASING = YES;
				CLANG_WARN_BOOL_CONVERSION = YES;
				CLANG_WARN_COMMA = YES;
				CLANG_WARN_CONSTANT_CONVERSION = YES;
				CLANG_WARN_DIRECT_OBJC_ISA_USAGE = YES_ERROR;
				CLANG_WARN_DOCUMENTATION_COMMENTS = YES;
				CLANG_WARN_EMPTY_BODY = YES;
				CLANG_WARN_ENUM_CONVERSION = YES;
				CLANG_WARN_INFINITE_RECURSION = YES;
				CLANG_WARN_INT_CONVERSION = YES;
				CLANG_WARN_NON_LITERAL_NULL_CONVERSION = YES;
				CLANG_WARN_OBJC_LITERAL_CONVERSION = YES;
				CLANG_WARN_OBJC_ROOT_CLASS = YES_ERROR;
				CLANG_WARN_RANGE_LOOP_ANALYSIS = YES;
				CLANG_WARN_STRICT_PROTOTYPES = YES;
				CLANG_WARN_SUSPICIOUS_MOVE = YES;
				CLANG_WARN_UNGUARDED_AVAILABILITY = YES_AGGRESSIVE;
				CLANG_WARN_UNREACHABLE_CODE = YES;
				CLANG_WARN__DUPLICATE_METHOD_MATCH = YES;
				CODE_SIGN_IDENTITY = "iPhone Developer";
				COPY_PHASE_STRIP = NO;
				DEBUG_INFORMATION_FORMAT = dwarf;
				ENABLE_STRICT_OBJC_MSGSEND = YES;
				ENABLE_TESTABILITY = YES;
				GCC_C_LANGUAGE_STANDARD = gnu11;
				GCC_DYNAMIC_NO_PIC = NO;
				GCC_NO_COMMON_BLOCKS = YES;
				GCC_OPTIMIZATION_LEVEL = 0;
				GCC_PREPROCESSOR_DEFINITIONS = (
					"DEBUG=1",
					"$(inherited)",
				);
				GCC_WARN_64_TO_32_BIT_CONVERSION = YES;
				GCC_WARN_ABOUT_RETURN_TYPE = YES_ERROR;
				GCC_WARN_UNDECLARED_SELECTOR = YES;
				GCC_WARN_UNINITIALIZED_AUTOS = YES_AGGRESSIVE;
				GCC_WARN_UNUSED_FUNCTION = YES;
				GCC_WARN_UNUSED_VARIABLE = YES;
				IPHONEOS_DEPLOYMENT_TARGET = 11.2;
				MTL_ENABLE_DEBUG_INFO = YES;
				ONLY_ACTIVE_ARCH = YES;
				SDKROOT = iphoneos;
				SWIFT_ACTIVE_COMPILATION_CONDITIONS = DEBUG;
				SWIFT_OPTIMIZATION_LEVEL = "-Onone";
			};
			name = Debug;
		};
		90EC4B59204ADC800015F4AB /* Release */ = {
			isa = XCBuildConfiguration;
			buildSettings = {
				ALWAYS_SEARCH_USER_PATHS = NO;
				CLANG_ANALYZER_NONNULL = YES;
				CLANG_ANALYZER_NUMBER_OBJECT_CONVERSION = YES_AGGRESSIVE;
				CLANG_CXX_LANGUAGE_STANDARD = "gnu++14";
				CLANG_CXX_LIBRARY = "libc++";
				CLANG_ENABLE_MODULES = YES;
				CLANG_ENABLE_OBJC_ARC = YES;
				CLANG_WARN_BLOCK_CAPTURE_AUTORELEASING = YES;
				CLANG_WARN_BOOL_CONVERSION = YES;
				CLANG_WARN_COMMA = YES;
				CLANG_WARN_CONSTANT_CONVERSION = YES;
				CLANG_WARN_DIRECT_OBJC_ISA_USAGE = YES_ERROR;
				CLANG_WARN_DOCUMENTATION_COMMENTS = YES;
				CLANG_WARN_EMPTY_BODY = YES;
				CLANG_WARN_ENUM_CONVERSION = YES;
				CLANG_WARN_INFINITE_RECURSION = YES;
				CLANG_WARN_INT_CONVERSION = YES;
				CLANG_WARN_NON_LITERAL_NULL_CONVERSION = YES;
				CLANG_WARN_OBJC_LITERAL_CONVERSION = YES;
				CLANG_WARN_OBJC_ROOT_CLASS = YES_ERROR;
				CLANG_WARN_RANGE_LOOP_ANALYSIS = YES;
				CLANG_WARN_STRICT_PROTOTYPES = YES;
				CLANG_WARN_SUSPICIOUS_MOVE = YES;
				CLANG_WARN_UNGUARDED_AVAILABILITY = YES_AGGRESSIVE;
				CLANG_WARN_UNREACHABLE_CODE = YES;
				CLANG_WARN__DUPLICATE_METHOD_MATCH = YES;
				CODE_SIGN_IDENTITY = "iPhone Developer";
				COPY_PHASE_STRIP = NO;
				DEBUG_INFORMATION_FORMAT = "dwarf-with-dsym";
				ENABLE_NS_ASSERTIONS = NO;
				ENABLE_STRICT_OBJC_MSGSEND = YES;
				GCC_C_LANGUAGE_STANDARD = gnu11;
				GCC_NO_COMMON_BLOCKS = YES;
				GCC_WARN_64_TO_32_BIT_CONVERSION = YES;
				GCC_WARN_ABOUT_RETURN_TYPE = YES_ERROR;
				GCC_WARN_UNDECLARED_SELECTOR = YES;
				GCC_WARN_UNINITIALIZED_AUTOS = YES_AGGRESSIVE;
				GCC_WARN_UNUSED_FUNCTION = YES;
				GCC_WARN_UNUSED_VARIABLE = YES;
				IPHONEOS_DEPLOYMENT_TARGET = 11.2;
				MTL_ENABLE_DEBUG_INFO = NO;
				SDKROOT = iphoneos;
				SWIFT_OPTIMIZATION_LEVEL = "-Owholemodule";
				VALIDATE_PRODUCT = YES;
			};
			name = Release;
		};
		90EC4B5B204ADC800015F4AB /* Debug */ = {
			isa = XCBuildConfiguration;
			buildSettings = {
				ASSETCATALOG_COMPILER_APPICON_NAME = AppIcon;
				CODE_SIGN_STYLE = Automatic;
				DEVELOPMENT_TEAM = T583396HNX;
				INFOPLIST_FILE = finlandsfarjan/Info.plist;
				LD_RUNPATH_SEARCH_PATHS = "$(inherited) @executable_path/Frameworks";
				PRODUCT_BUNDLE_IDENTIFIER = org.jumalauta.finlandsfarjan;
				PRODUCT_NAME = "$(TARGET_NAME)";
				SWIFT_VERSION = 4.0;
				TARGETED_DEVICE_FAMILY = "1,2";
			};
			name = Debug;
		};
		90EC4B5C204ADC800015F4AB /* Release */ = {
			isa = XCBuildConfiguration;
			buildSettings = {
				ASSETCATALOG_COMPILER_APPICON_NAME = AppIcon;
				CODE_SIGN_STYLE = Automatic;
				DEVELOPMENT_TEAM = T583396HNX;
				INFOPLIST_FILE = finlandsfarjan/Info.plist;
				LD_RUNPATH_SEARCH_PATHS = "$(inherited) @executable_path/Frameworks";
				PRODUCT_BUNDLE_IDENTIFIER = org.jumalauta.finlandsfarjan;
				PRODUCT_NAME = "$(TARGET_NAME)";
				SWIFT_VERSION = 4.0;
				TARGETED_DEVICE_FAMILY = "1,2";
			};
			name = Release;
		};
/* End XCBuildConfiguration section */

/* Begin XCConfigurationList section */
		90EC4B43204ADC800015F4AB /* Build configuration list for PBXProject "finlandsfarjan" */ = {
			isa = XCConfigurationList;
			buildConfigurations = (
				90EC4B58204ADC800015F4AB /* Debug */,
				90EC4B59204ADC800015F4AB /* Release */,
			);
			defaultConfigurationIsVisible = 0;
			defaultConfigurationName = Release;
		};
		90EC4B5A204ADC800015F4AB /* Build configuration list for PBXNativeTarget "finlandsfarjan" */ = {
			isa = XCConfigurationList;
			buildConfigurations = (
				90EC4B5B204ADC800015F4AB /* Debug */,
				90EC4B5C204ADC800015F4AB /* Release */,
			);
			defaultConfigurationIsVisible = 0;
			defaultConfigurationName = Release;
		};
/* End XCConfigurationList section */
	};
	rootObject = 90EC4B40204ADC800015F4AB /* Project object */;
}
